
Microsoft Visual Studio Solution File, Format Version 12.00
# Visual Studio Version 16
VisualStudioVersion = 16.0.31205.134
MinimumVisualStudioVersion = 10.0.40219.1
Project("{FAE04EC0-301F-11D3-BF4B-00C04F79EFBC}") = "UconomyXP", "UconomyXP\UconomyXP.csproj", "{602882B6-F16C-4247-9F5D-21846BC4C09A}"
EndProject
Global
	GlobalSection(SolutionConfigurationPlatforms) = preSolution
		Debug|Any CPU = Debug|Any CPU
		Lokal|Any CPU = Lokal|Any CPU
		Release|Any CPU = Release|Any CPU
	EndGlobalSection
	GlobalSection(ProjectConfigurationPlatforms) = postSolution
		{602882B6-F16C-4247-9F5D-21846BC4C09A}.Debug|Any CPU.ActiveCfg = Debug|Any CPU
		{602882B6-F16C-4247-9F5D-21846BC4C09A}.Debug|Any CPU.Build.0 = Debug|Any CPU
		{602882B6-F16C-4247-9F5D-21846BC4C09A}.Lokal|Any CPU.ActiveCfg = Lokal|Any CPU
		{602882B6-F16C-4247-9F5D-21846BC4C09A}.Lokal|Any CPU.Build.0 = Lokal|Any CPU
		{602882B6-F16C-4247-9F5D-21846BC4C09A}.Release|Any CPU.ActiveCfg = Release|Any CPU
		{602882B6-F16C-4247-9F5D-21846BC4C09A}.Release|Any CPU.Build.0 = Release|Any CPU
	EndGlobalSection
	GlobalSection(SolutionProperties) = preSolution
		HideSolutionNode = FALSE
	EndGlobalSection
	GlobalSection(ExtensibilityGlobals) = postSolution
		SolutionGuid = {050EBAC2-512F-4A11-B51F-72E292A8AAC6}
	EndGlobalSection
EndGlobal
